{
  "name": "ellesmere",
  "version": "1.0.0",
  "lockfileVersion": 3,
  "requires": true,
  "packages": {
    "": {
      "name": "ellesmere",
      "version": "1.0.0",
      "license": "ISC",
      "dependencies": {
        "@photo-sphere-viewer/autorotate-plugin": "^5.1.0"
      }
    },
    "node_modules/@photo-sphere-viewer/autorotate-plugin": {
      "version": "5.1.0",
      "resolved": "https://registry.npmjs.org/@photo-sphere-viewer/autorotate-plugin/-/autorotate-plugin-5.1.0.tgz",
      "integrity": "sha512-9F0kgbDjMY3qlDnVCpptwGXUFQDZcx+ccfWUEhWEDI68CENJbHVHnzYEum28pJcL0WgNBQw4Jl8jh/TmNVVClg==",
      "dependencies": {
        "@photo-sphere-viewer/core": "5.1.0"
      }
    },
    "node_modules/@photo-sphere-viewer/core": {
      "version": "5.1.0",
      "resolved": "https://registry.npmjs.org/@photo-sphere-viewer/core/-/core-5.1.0.tgz",
      "integrity": "sha512-dEZlJGmaVYtXF/aJlXgPFmTIxbz7443bOERLjI+MrcA5Nyptx99OMKxgLO6VuTohhH28R/FcuCvR+ftGo87gCg==",
      "dependencies": {
        "three": "^0.148.0"
      }
    },
    "node_modules/three": {
      "version": "0.148.0",
      "resolved": "https://registry.npmjs.org/three/-/three-0.148.0.tgz",
      "integrity": "sha512-8uzVV+qhTPi0bOFs/3te3RW6hb3urL8jYEl6irjCWo/l6sr8MPNMcClFev/MMYeIxr0gmDcoXTy/8LXh/LXkfw=="
    }
  }
}
